{
  "pins" : [
    {
      "identity" : "kociembasolver",
      "kind" : "remoteSourceControl",
      "location" : "https://github.com/robertbates1995/KociembaSolver.git",
      "state" : {
        "branch" : "main",
        "revision" : "d33a959f88fd0504bee423595b91b65d5ff233c1"
      }
    }
  ],
  "version" : 2
}
